
Microsoft Visual Studio Solution File, Format Version 12.00
# Visual Studio Version 16
VisualStudioVersion = 16.0.29306.81
MinimumVisualStudioVersion = 10.0.40219.1
Project("{FAE04EC0-301F-11D3-BF4B-00C04F79EFBC}") = "Monolith", "Monolith.csproj", "{A31D99E8-ABCB-4EB2-AD32-FFD816D9C334}"
EndProject
Global
	GlobalSection(SolutionConfigurationPlatforms) = preSolution
		Debug|Any CPU = Debug|Any CPU
		Release|Any CPU = Release|Any CPU
	EndGlobalSection
	GlobalSection(ProjectConfigurationPlatforms) = postSolution
		{A31D99E8-ABCB-4EB2-AD32-FFD816D9C334}.Debug|Any CPU.ActiveCfg = Debug|Any CPU
		{A31D99E8-ABCB-4EB2-AD32-FFD816D9C334}.Debug|Any CPU.Build.0 = Debug|Any CPU
		{A31D99E8-ABCB-4EB2-AD32-FFD816D9C334}.Release|Any CPU.ActiveCfg = Release|Any CPU
		{A31D99E8-ABCB-4EB2-AD32-FFD816D9C334}.Release|Any CPU.Build.0 = Release|Any CPU
	EndGlobalSection
	GlobalSection(SolutionProperties) = preSolution
		HideSolutionNode = FALSE
	EndGlobalSection
	GlobalSection(ExtensibilityGlobals) = postSolution
		SolutionGuid = {71738F64-44DA-4F0E-B195-9A5119408A05}
	EndGlobalSection
EndGlobal
